
Microsoft Visual Studio Solution File, Format Version 12.00
# Visual Studio Version 17
VisualStudioVersion = 17.1.32328.378
MinimumVisualStudioVersion = 10.0.40219.1
Project("{FAE04EC0-301F-11D3-BF4B-00C04F79EFBC}") = "qsn13(BinaryReaderAndWriting)", "qsn13(BinaryReaderAndWriting).csproj", "{92005012-2E95-4869-9382-45503A6C65A8}"
EndProject
Global
	GlobalSection(SolutionConfigurationPlatforms) = preSolution
		Debug|Any CPU = Debug|Any CPU
		Release|Any CPU = Release|Any CPU
	EndGlobalSection
	GlobalSection(ProjectConfigurationPlatforms) = postSolution
		{92005012-2E95-4869-9382-45503A6C65A8}.Debug|Any CPU.ActiveCfg = Debug|Any CPU
		{92005012-2E95-4869-9382-45503A6C65A8}.Debug|Any CPU.Build.0 = Debug|Any CPU
		{92005012-2E95-4869-9382-45503A6C65A8}.Release|Any CPU.ActiveCfg = Release|Any CPU
		{92005012-2E95-4869-9382-45503A6C65A8}.Release|Any CPU.Build.0 = Release|Any CPU
	EndGlobalSection
	GlobalSection(SolutionProperties) = preSolution
		HideSolutionNode = FALSE
	EndGlobalSection
	GlobalSection(ExtensibilityGlobals) = postSolution
		SolutionGuid = {1A32B60F-8ADF-4D83-BAE6-EE0224361ED5}
	EndGlobalSection
EndGlobal
