
Microsoft Visual Studio Solution File, Format Version 12.00
# Visual Studio Version 17
VisualStudioVersion = 17.1.32328.378
MinimumVisualStudioVersion = 10.0.40219.1
Project("{FAE04EC0-301F-11D3-BF4B-00C04F79EFBC}") = "qsn4(reverse)", "qsn4(reverse).csproj", "{4BF15489-9A9A-4B7D-9A38-C20C1CB6DDF3}"
EndProject
Global
	GlobalSection(SolutionConfigurationPlatforms) = preSolution
		Debug|Any CPU = Debug|Any CPU
		Release|Any CPU = Release|Any CPU
	EndGlobalSection
	GlobalSection(ProjectConfigurationPlatforms) = postSolution
		{4BF15489-9A9A-4B7D-9A38-C20C1CB6DDF3}.Debug|Any CPU.ActiveCfg = Debug|Any CPU
		{4BF15489-9A9A-4B7D-9A38-C20C1CB6DDF3}.Debug|Any CPU.Build.0 = Debug|Any CPU
		{4BF15489-9A9A-4B7D-9A38-C20C1CB6DDF3}.Release|Any CPU.ActiveCfg = Release|Any CPU
		{4BF15489-9A9A-4B7D-9A38-C20C1CB6DDF3}.Release|Any CPU.Build.0 = Release|Any CPU
	EndGlobalSection
	GlobalSection(SolutionProperties) = preSolution
		HideSolutionNode = FALSE
	EndGlobalSection
	GlobalSection(ExtensibilityGlobals) = postSolution
		SolutionGuid = {D9F62D03-2914-475D-961D-1C3997427090}
	EndGlobalSection
EndGlobal
