
Microsoft Visual Studio Solution File, Format Version 12.00
# Visual Studio Version 17
VisualStudioVersion = 17.1.32328.378
MinimumVisualStudioVersion = 10.0.40219.1
Project("{FAE04EC0-301F-11D3-BF4B-00C04F79EFBC}") = "qsn1(staticconstructor)", "qsn1(staticconstructor).csproj", "{B234DD1B-96A5-4E99-8FE6-A085DD4D94AB}"
EndProject
Global
	GlobalSection(SolutionConfigurationPlatforms) = preSolution
		Debug|Any CPU = Debug|Any CPU
		Release|Any CPU = Release|Any CPU
	EndGlobalSection
	GlobalSection(ProjectConfigurationPlatforms) = postSolution
		{B234DD1B-96A5-4E99-8FE6-A085DD4D94AB}.Debug|Any CPU.ActiveCfg = Debug|Any CPU
		{B234DD1B-96A5-4E99-8FE6-A085DD4D94AB}.Debug|Any CPU.Build.0 = Debug|Any CPU
		{B234DD1B-96A5-4E99-8FE6-A085DD4D94AB}.Release|Any CPU.ActiveCfg = Release|Any CPU
		{B234DD1B-96A5-4E99-8FE6-A085DD4D94AB}.Release|Any CPU.Build.0 = Release|Any CPU
	EndGlobalSection
	GlobalSection(SolutionProperties) = preSolution
		HideSolutionNode = FALSE
	EndGlobalSection
	GlobalSection(ExtensibilityGlobals) = postSolution
		SolutionGuid = {AD71E51F-76E1-42A3-BF19-01C643C7B517}
	EndGlobalSection
EndGlobal
