
Microsoft Visual Studio Solution File, Format Version 12.00
# Visual Studio Version 17
VisualStudioVersion = 17.1.32328.378
MinimumVisualStudioVersion = 10.0.40219.1
Project("{FAE04EC0-301F-11D3-BF4B-00C04F79EFBC}") = "qsn19(MVC)", "qsn19(MVC).csproj", "{B39702AA-1345-47F9-BF6D-D48105BB2AB3}"
EndProject
Global
	GlobalSection(SolutionConfigurationPlatforms) = preSolution
		Debug|Any CPU = Debug|Any CPU
		Release|Any CPU = Release|Any CPU
	EndGlobalSection
	GlobalSection(ProjectConfigurationPlatforms) = postSolution
		{B39702AA-1345-47F9-BF6D-D48105BB2AB3}.Debug|Any CPU.ActiveCfg = Debug|Any CPU
		{B39702AA-1345-47F9-BF6D-D48105BB2AB3}.Debug|Any CPU.Build.0 = Debug|Any CPU
		{B39702AA-1345-47F9-BF6D-D48105BB2AB3}.Release|Any CPU.ActiveCfg = Release|Any CPU
		{B39702AA-1345-47F9-BF6D-D48105BB2AB3}.Release|Any CPU.Build.0 = Release|Any CPU
	EndGlobalSection
	GlobalSection(SolutionProperties) = preSolution
		HideSolutionNode = FALSE
	EndGlobalSection
	GlobalSection(ExtensibilityGlobals) = postSolution
		SolutionGuid = {B9B6D535-E9A8-40DD-87CB-C8457E353692}
	EndGlobalSection
EndGlobal
