
Microsoft Visual Studio Solution File, Format Version 12.00
# Visual Studio Version 17
VisualStudioVersion = 17.1.32328.378
MinimumVisualStudioVersion = 10.0.40219.1
Project("{FAE04EC0-301F-11D3-BF4B-00C04F79EFBC}") = "qsn3(Matrixmultiplication)", "qsn3(Matrixmultiplication).csproj", "{6C891FCF-B7DB-402F-BB81-FDC0D9625F4D}"
EndProject
Global
	GlobalSection(SolutionConfigurationPlatforms) = preSolution
		Debug|Any CPU = Debug|Any CPU
		Release|Any CPU = Release|Any CPU
	EndGlobalSection
	GlobalSection(ProjectConfigurationPlatforms) = postSolution
		{6C891FCF-B7DB-402F-BB81-FDC0D9625F4D}.Debug|Any CPU.ActiveCfg = Debug|Any CPU
		{6C891FCF-B7DB-402F-BB81-FDC0D9625F4D}.Debug|Any CPU.Build.0 = Debug|Any CPU
		{6C891FCF-B7DB-402F-BB81-FDC0D9625F4D}.Release|Any CPU.ActiveCfg = Release|Any CPU
		{6C891FCF-B7DB-402F-BB81-FDC0D9625F4D}.Release|Any CPU.Build.0 = Release|Any CPU
	EndGlobalSection
	GlobalSection(SolutionProperties) = preSolution
		HideSolutionNode = FALSE
	EndGlobalSection
	GlobalSection(ExtensibilityGlobals) = postSolution
		SolutionGuid = {C76DAD32-B07C-40B6-9A73-A2D4481EA686}
	EndGlobalSection
EndGlobal
