
Microsoft Visual Studio Solution File, Format Version 12.00
# Visual Studio Version 17
VisualStudioVersion = 17.1.32328.378
MinimumVisualStudioVersion = 10.0.40219.1
Project("{FAE04EC0-301F-11D3-BF4B-00C04F79EFBC}") = "cw10array", "cw10array.csproj", "{878C5EBB-0DB7-471E-A6B0-8DE7B843C517}"
EndProject
Global
	GlobalSection(SolutionConfigurationPlatforms) = preSolution
		Debug|Any CPU = Debug|Any CPU
		Release|Any CPU = Release|Any CPU
	EndGlobalSection
	GlobalSection(ProjectConfigurationPlatforms) = postSolution
		{878C5EBB-0DB7-471E-A6B0-8DE7B843C517}.Debug|Any CPU.ActiveCfg = Debug|Any CPU
		{878C5EBB-0DB7-471E-A6B0-8DE7B843C517}.Debug|Any CPU.Build.0 = Debug|Any CPU
		{878C5EBB-0DB7-471E-A6B0-8DE7B843C517}.Release|Any CPU.ActiveCfg = Release|Any CPU
		{878C5EBB-0DB7-471E-A6B0-8DE7B843C517}.Release|Any CPU.Build.0 = Release|Any CPU
	EndGlobalSection
	GlobalSection(SolutionProperties) = preSolution
		HideSolutionNode = FALSE
	EndGlobalSection
	GlobalSection(ExtensibilityGlobals) = postSolution
		SolutionGuid = {58093B85-ABB3-4323-B9BC-64C03F05C6E2}
	EndGlobalSection
EndGlobal
