
Microsoft Visual Studio Solution File, Format Version 12.00
# Visual Studio Version 17
VisualStudioVersion = 17.1.32328.378
MinimumVisualStudioVersion = 10.0.40219.1
Project("{FAE04EC0-301F-11D3-BF4B-00C04F79EFBC}") = "constructor", "constructor\constructor.csproj", "{D369BEF4-8230-4316-A69C-DDFA5A9E48ED}"
EndProject
Global
	GlobalSection(SolutionConfigurationPlatforms) = preSolution
		Debug|Any CPU = Debug|Any CPU
		Release|Any CPU = Release|Any CPU
	EndGlobalSection
	GlobalSection(ProjectConfigurationPlatforms) = postSolution
		{D369BEF4-8230-4316-A69C-DDFA5A9E48ED}.Debug|Any CPU.ActiveCfg = Debug|Any CPU
		{D369BEF4-8230-4316-A69C-DDFA5A9E48ED}.Debug|Any CPU.Build.0 = Debug|Any CPU
		{D369BEF4-8230-4316-A69C-DDFA5A9E48ED}.Release|Any CPU.ActiveCfg = Release|Any CPU
		{D369BEF4-8230-4316-A69C-DDFA5A9E48ED}.Release|Any CPU.Build.0 = Release|Any CPU
	EndGlobalSection
	GlobalSection(SolutionProperties) = preSolution
		HideSolutionNode = FALSE
	EndGlobalSection
	GlobalSection(ExtensibilityGlobals) = postSolution
		SolutionGuid = {EDDD29CC-C058-4EE2-947C-38DC468492B3}
	EndGlobalSection
EndGlobal
