
Microsoft Visual Studio Solution File, Format Version 12.00
# Visual Studio Version 17
VisualStudioVersion = 17.1.32328.378
MinimumVisualStudioVersion = 10.0.40219.1
Project("{FAE04EC0-301F-11D3-BF4B-00C04F79EFBC}") = "qsn2(property)", "qsn2(property).csproj", "{7056F519-3D87-4F62-97E9-FFA8442168B8}"
EndProject
Global
	GlobalSection(SolutionConfigurationPlatforms) = preSolution
		Debug|Any CPU = Debug|Any CPU
		Release|Any CPU = Release|Any CPU
	EndGlobalSection
	GlobalSection(ProjectConfigurationPlatforms) = postSolution
		{7056F519-3D87-4F62-97E9-FFA8442168B8}.Debug|Any CPU.ActiveCfg = Debug|Any CPU
		{7056F519-3D87-4F62-97E9-FFA8442168B8}.Debug|Any CPU.Build.0 = Debug|Any CPU
		{7056F519-3D87-4F62-97E9-FFA8442168B8}.Release|Any CPU.ActiveCfg = Release|Any CPU
		{7056F519-3D87-4F62-97E9-FFA8442168B8}.Release|Any CPU.Build.0 = Release|Any CPU
	EndGlobalSection
	GlobalSection(SolutionProperties) = preSolution
		HideSolutionNode = FALSE
	EndGlobalSection
	GlobalSection(ExtensibilityGlobals) = postSolution
		SolutionGuid = {B59E7D41-B2D8-41C0-A754-C623856B8135}
	EndGlobalSection
EndGlobal
