
Microsoft Visual Studio Solution File, Format Version 12.00
# Visual Studio Version 17
VisualStudioVersion = 17.1.32328.378
MinimumVisualStudioVersion = 10.0.40219.1
Project("{FAE04EC0-301F-11D3-BF4B-00C04F79EFBC}") = "Hawa", "Hawa\Hawa.csproj", "{F90FEF6D-8747-42E7-B953-76C898357289}"
EndProject
Global
	GlobalSection(SolutionConfigurationPlatforms) = preSolution
		Debug|Any CPU = Debug|Any CPU
		Release|Any CPU = Release|Any CPU
	EndGlobalSection
	GlobalSection(ProjectConfigurationPlatforms) = postSolution
		{F90FEF6D-8747-42E7-B953-76C898357289}.Debug|Any CPU.ActiveCfg = Debug|Any CPU
		{F90FEF6D-8747-42E7-B953-76C898357289}.Debug|Any CPU.Build.0 = Debug|Any CPU
		{F90FEF6D-8747-42E7-B953-76C898357289}.Release|Any CPU.ActiveCfg = Release|Any CPU
		{F90FEF6D-8747-42E7-B953-76C898357289}.Release|Any CPU.Build.0 = Release|Any CPU
	EndGlobalSection
	GlobalSection(SolutionProperties) = preSolution
		HideSolutionNode = FALSE
	EndGlobalSection
	GlobalSection(ExtensibilityGlobals) = postSolution
		SolutionGuid = {C6B0053D-F69A-4164-9199-217568F11CA0}
	EndGlobalSection
EndGlobal
