
Microsoft Visual Studio Solution File, Format Version 12.00
# Visual Studio Version 17
VisualStudioVersion = 17.1.32328.378
MinimumVisualStudioVersion = 10.0.40219.1
Project("{FAE04EC0-301F-11D3-BF4B-00C04F79EFBC}") = "qsn11(nongeneric)", "qsn11(nongeneric).csproj", "{79627A1C-C340-4D20-8BC2-D2BF90EB064B}"
EndProject
Global
	GlobalSection(SolutionConfigurationPlatforms) = preSolution
		Debug|Any CPU = Debug|Any CPU
		Release|Any CPU = Release|Any CPU
	EndGlobalSection
	GlobalSection(ProjectConfigurationPlatforms) = postSolution
		{79627A1C-C340-4D20-8BC2-D2BF90EB064B}.Debug|Any CPU.ActiveCfg = Debug|Any CPU
		{79627A1C-C340-4D20-8BC2-D2BF90EB064B}.Debug|Any CPU.Build.0 = Debug|Any CPU
		{79627A1C-C340-4D20-8BC2-D2BF90EB064B}.Release|Any CPU.ActiveCfg = Release|Any CPU
		{79627A1C-C340-4D20-8BC2-D2BF90EB064B}.Release|Any CPU.Build.0 = Release|Any CPU
	EndGlobalSection
	GlobalSection(SolutionProperties) = preSolution
		HideSolutionNode = FALSE
	EndGlobalSection
	GlobalSection(ExtensibilityGlobals) = postSolution
		SolutionGuid = {18C857D8-AF4B-4619-9D62-6F1607DFCC03}
	EndGlobalSection
EndGlobal
