
Microsoft Visual Studio Solution File, Format Version 12.00
# Visual Studio Version 17
VisualStudioVersion = 17.1.32328.378
MinimumVisualStudioVersion = 10.0.40219.1
Project("{FAE04EC0-301F-11D3-BF4B-00C04F79EFBC}") = "structure(like class but differnt)", "structure(like class but differnt).csproj", "{0C5D53A0-A9D4-4262-8B0B-33B62F4BEE24}"
EndProject
Global
	GlobalSection(SolutionConfigurationPlatforms) = preSolution
		Debug|Any CPU = Debug|Any CPU
		Release|Any CPU = Release|Any CPU
	EndGlobalSection
	GlobalSection(ProjectConfigurationPlatforms) = postSolution
		{0C5D53A0-A9D4-4262-8B0B-33B62F4BEE24}.Debug|Any CPU.ActiveCfg = Debug|Any CPU
		{0C5D53A0-A9D4-4262-8B0B-33B62F4BEE24}.Debug|Any CPU.Build.0 = Debug|Any CPU
		{0C5D53A0-A9D4-4262-8B0B-33B62F4BEE24}.Release|Any CPU.ActiveCfg = Release|Any CPU
		{0C5D53A0-A9D4-4262-8B0B-33B62F4BEE24}.Release|Any CPU.Build.0 = Release|Any CPU
	EndGlobalSection
	GlobalSection(SolutionProperties) = preSolution
		HideSolutionNode = FALSE
	EndGlobalSection
	GlobalSection(ExtensibilityGlobals) = postSolution
		SolutionGuid = {56E6302F-5B0E-43AD-B857-B0CB051F2BFF}
	EndGlobalSection
EndGlobal
