
Microsoft Visual Studio Solution File, Format Version 12.00
# Visual Studio Version 17
VisualStudioVersion = 17.1.32328.378
MinimumVisualStudioVersion = 10.0.40219.1
Project("{FAE04EC0-301F-11D3-BF4B-00C04F79EFBC}") = "TryWebAPI", "TryWebAPI\TryWebAPI.csproj", "{E4D35546-E68E-4B3C-8956-84C54EDD571E}"
EndProject
Global
	GlobalSection(SolutionConfigurationPlatforms) = preSolution
		Debug|Any CPU = Debug|Any CPU
		Release|Any CPU = Release|Any CPU
	EndGlobalSection
	GlobalSection(ProjectConfigurationPlatforms) = postSolution
		{E4D35546-E68E-4B3C-8956-84C54EDD571E}.Debug|Any CPU.ActiveCfg = Debug|Any CPU
		{E4D35546-E68E-4B3C-8956-84C54EDD571E}.Debug|Any CPU.Build.0 = Debug|Any CPU
		{E4D35546-E68E-4B3C-8956-84C54EDD571E}.Release|Any CPU.ActiveCfg = Release|Any CPU
		{E4D35546-E68E-4B3C-8956-84C54EDD571E}.Release|Any CPU.Build.0 = Release|Any CPU
	EndGlobalSection
	GlobalSection(SolutionProperties) = preSolution
		HideSolutionNode = FALSE
	EndGlobalSection
	GlobalSection(ExtensibilityGlobals) = postSolution
		SolutionGuid = {E3D38BB3-AF96-40E0-AAEA-467A4A981B2B}
	EndGlobalSection
EndGlobal
