
Microsoft Visual Studio Solution File, Format Version 12.00
# Visual Studio Version 17
VisualStudioVersion = 17.1.32328.378
MinimumVisualStudioVersion = 10.0.40219.1
Project("{FAE04EC0-301F-11D3-BF4B-00C04F79EFBC}") = "EntityD", "EntityD.csproj", "{31A1D1C2-0130-4868-A8BE-33D99EE3977C}"
EndProject
Global
	GlobalSection(SolutionConfigurationPlatforms) = preSolution
		Debug|Any CPU = Debug|Any CPU
		Release|Any CPU = Release|Any CPU
	EndGlobalSection
	GlobalSection(ProjectConfigurationPlatforms) = postSolution
		{31A1D1C2-0130-4868-A8BE-33D99EE3977C}.Debug|Any CPU.ActiveCfg = Debug|Any CPU
		{31A1D1C2-0130-4868-A8BE-33D99EE3977C}.Debug|Any CPU.Build.0 = Debug|Any CPU
		{31A1D1C2-0130-4868-A8BE-33D99EE3977C}.Release|Any CPU.ActiveCfg = Release|Any CPU
		{31A1D1C2-0130-4868-A8BE-33D99EE3977C}.Release|Any CPU.Build.0 = Release|Any CPU
	EndGlobalSection
	GlobalSection(SolutionProperties) = preSolution
		HideSolutionNode = FALSE
	EndGlobalSection
	GlobalSection(ExtensibilityGlobals) = postSolution
		SolutionGuid = {22B6A037-1E27-4560-9C4D-E839239F498D}
	EndGlobalSection
EndGlobal
