
Microsoft Visual Studio Solution File, Format Version 12.00
# Visual Studio Version 17
VisualStudioVersion = 17.1.32328.378
MinimumVisualStudioVersion = 10.0.40219.1
Project("{FAE04EC0-301F-11D3-BF4B-00C04F79EFBC}") = "ADO(Update)", "ADO(Update).csproj", "{3D912A0D-7A80-4EFB-8692-838879129D82}"
EndProject
Global
	GlobalSection(SolutionConfigurationPlatforms) = preSolution
		Debug|Any CPU = Debug|Any CPU
		Release|Any CPU = Release|Any CPU
	EndGlobalSection
	GlobalSection(ProjectConfigurationPlatforms) = postSolution
		{3D912A0D-7A80-4EFB-8692-838879129D82}.Debug|Any CPU.ActiveCfg = Debug|Any CPU
		{3D912A0D-7A80-4EFB-8692-838879129D82}.Debug|Any CPU.Build.0 = Debug|Any CPU
		{3D912A0D-7A80-4EFB-8692-838879129D82}.Release|Any CPU.ActiveCfg = Release|Any CPU
		{3D912A0D-7A80-4EFB-8692-838879129D82}.Release|Any CPU.Build.0 = Release|Any CPU
	EndGlobalSection
	GlobalSection(SolutionProperties) = preSolution
		HideSolutionNode = FALSE
	EndGlobalSection
	GlobalSection(ExtensibilityGlobals) = postSolution
		SolutionGuid = {1ACA9FCC-272B-4B0F-A802-34E6890E2077}
	EndGlobalSection
EndGlobal
