
Microsoft Visual Studio Solution File, Format Version 12.00
# Visual Studio Version 17
VisualStudioVersion = 17.1.32328.378
MinimumVisualStudioVersion = 10.0.40219.1
Project("{FAE04EC0-301F-11D3-BF4B-00C04F79EFBC}") = "4base", "4base\4base.csproj", "{8B3E89A6-850D-4479-8E94-87D27B19237A}"
EndProject
Global
	GlobalSection(SolutionConfigurationPlatforms) = preSolution
		Debug|Any CPU = Debug|Any CPU
		Release|Any CPU = Release|Any CPU
	EndGlobalSection
	GlobalSection(ProjectConfigurationPlatforms) = postSolution
		{8B3E89A6-850D-4479-8E94-87D27B19237A}.Debug|Any CPU.ActiveCfg = Debug|Any CPU
		{8B3E89A6-850D-4479-8E94-87D27B19237A}.Debug|Any CPU.Build.0 = Debug|Any CPU
		{8B3E89A6-850D-4479-8E94-87D27B19237A}.Release|Any CPU.ActiveCfg = Release|Any CPU
		{8B3E89A6-850D-4479-8E94-87D27B19237A}.Release|Any CPU.Build.0 = Release|Any CPU
	EndGlobalSection
	GlobalSection(SolutionProperties) = preSolution
		HideSolutionNode = FALSE
	EndGlobalSection
	GlobalSection(ExtensibilityGlobals) = postSolution
		SolutionGuid = {8C31E978-3CD8-4273-BDFC-956A9296C30E}
	EndGlobalSection
EndGlobal
