
Microsoft Visual Studio Solution File, Format Version 12.00
# Visual Studio Version 17
VisualStudioVersion = 17.1.32328.378
MinimumVisualStudioVersion = 10.0.40219.1
Project("{FAE04EC0-301F-11D3-BF4B-00C04F79EFBC}") = "1Property", "1Property\1Property.csproj", "{A72EF22D-CE85-4BD0-834E-F25FEE312A3D}"
EndProject
Global
	GlobalSection(SolutionConfigurationPlatforms) = preSolution
		Debug|Any CPU = Debug|Any CPU
		Release|Any CPU = Release|Any CPU
	EndGlobalSection
	GlobalSection(ProjectConfigurationPlatforms) = postSolution
		{A72EF22D-CE85-4BD0-834E-F25FEE312A3D}.Debug|Any CPU.ActiveCfg = Debug|Any CPU
		{A72EF22D-CE85-4BD0-834E-F25FEE312A3D}.Debug|Any CPU.Build.0 = Debug|Any CPU
		{A72EF22D-CE85-4BD0-834E-F25FEE312A3D}.Release|Any CPU.ActiveCfg = Release|Any CPU
		{A72EF22D-CE85-4BD0-834E-F25FEE312A3D}.Release|Any CPU.Build.0 = Release|Any CPU
	EndGlobalSection
	GlobalSection(SolutionProperties) = preSolution
		HideSolutionNode = FALSE
	EndGlobalSection
	GlobalSection(ExtensibilityGlobals) = postSolution
		SolutionGuid = {7176EABD-7B4F-4BC8-9436-70F6EF914426}
	EndGlobalSection
EndGlobal
