
Microsoft Visual Studio Solution File, Format Version 12.00
# Visual Studio Version 17
VisualStudioVersion = 17.1.32328.378
MinimumVisualStudioVersion = 10.0.40219.1
Project("{FAE04EC0-301F-11D3-BF4B-00C04F79EFBC}") = "qsn5(otherthanintIndexer)", "qsn5(otherthanintIndexer).csproj", "{5CB299FE-3276-49C4-B648-19DBDA943F2D}"
EndProject
Global
	GlobalSection(SolutionConfigurationPlatforms) = preSolution
		Debug|Any CPU = Debug|Any CPU
		Release|Any CPU = Release|Any CPU
	EndGlobalSection
	GlobalSection(ProjectConfigurationPlatforms) = postSolution
		{5CB299FE-3276-49C4-B648-19DBDA943F2D}.Debug|Any CPU.ActiveCfg = Debug|Any CPU
		{5CB299FE-3276-49C4-B648-19DBDA943F2D}.Debug|Any CPU.Build.0 = Debug|Any CPU
		{5CB299FE-3276-49C4-B648-19DBDA943F2D}.Release|Any CPU.ActiveCfg = Release|Any CPU
		{5CB299FE-3276-49C4-B648-19DBDA943F2D}.Release|Any CPU.Build.0 = Release|Any CPU
	EndGlobalSection
	GlobalSection(SolutionProperties) = preSolution
		HideSolutionNode = FALSE
	EndGlobalSection
	GlobalSection(ExtensibilityGlobals) = postSolution
		SolutionGuid = {36DA42D5-5877-401D-98AF-A9A319D73990}
	EndGlobalSection
EndGlobal
